// !$*UTF8*$!
{
	archiveVersion = 1;
	classes = {
	};
	objectVersion = 46;
	objects = {

/* Begin PBXBuildFile section */
		493215C0BCEB319EE6F80764 /* Pods_iOS_Example.framework in Frameworks */ = {isa = PBXBuildFile; fileRef = 23EA3A852A003BBACD8055FF /* Pods_iOS_Example.framework */; };
		8082CB7E1CB6645200FDE224 /* AppDelegate.swift in Sources */ = {isa = PBXBuildFile; fileRef = 8082CB7D1CB6645200FDE224 /* AppDelegate.swift */; };
		8082CB801CB6645200FDE224 /* ViewController.swift in Sources */ = {isa = PBXBuildFile; fileRef = 8082CB7F1CB6645200FDE224 /* ViewController.swift */; };
		8082CB831CB6645200FDE224 /* Main.storyboard in Resources */ = {isa = PBXBuildFile; fileRef = 8082CB811CB6645200FDE224 /* Main.storyboard */; };
		8082CB851CB6645200FDE224 /* Assets.xcassets in Resources */ = {isa = PBXBuildFile; fileRef = 8082CB841CB6645200FDE224 /* Assets.xcassets */; };
		8082CB881CB6645200FDE224 /* LaunchScreen.storyboard in Resources */ = {isa = PBXBuildFile; fileRef = 8082CB861CB6645200FDE224 /* LaunchScreen.storyboard */; };
/* End PBXBuildFile section */

/* Begin PBXCopyFilesBuildPhase section */
		804C88441CF2ABCE00486C61 /* Embed Frameworks */ = {
			isa = PBXCopyFilesBuildPhase;
			buildActionMask = 2147483647;
			dstPath = "";
			dstSubfolderSpec = 10;
			files = (
			);
			name = "Embed Frameworks";
			runOnlyForDeploymentPostprocessing = 0;
		};
/* End PBXCopyFilesBuildPhase section */

/* Begin PBXFileReference section */
		23EA3A852A003BBACD8055FF /* Pods_iOS_Example.framework */ = {isa = PBXFileReference; explicitFileType = wrapper.framework; includeInIndex = 0; path = Pods_iOS_Example.framework; sourceTree = BUILT_PRODUCTS_DIR; };
		664A258F6A184110AFCEE3AC /* Pods-iOS Example.release.xcconfig */ = {isa = PBXFileReference; includeInIndex = 1; lastKnownFileType = text.xcconfig; name = "Pods-iOS Example.release.xcconfig"; path = "Pods/Target Support Files/Pods-iOS Example/Pods-iOS Example.release.xcconfig"; sourceTree = "<group>"; };
		8082CB7A1CB6645200FDE224 /* iOS Example.app */ = {isa = PBXFileReference; explicitFileType = wrapper.application; includeInIndex = 0; path = "iOS Example.app"; sourceTree = BUILT_PRODUCTS_DIR; };
		8082CB7D1CB6645200FDE224 /* AppDelegate.swift */ = {isa = PBXFileReference; lastKnownFileType = sourcecode.swift; path = AppDelegate.swift; sourceTree = "<group>"; };
		8082CB7F1CB6645200FDE224 /* ViewController.swift */ = {isa = PBXFileReference; lastKnownFileType = sourcecode.swift; path = ViewController.swift; sourceTree = "<group>"; };
		8082CB821CB6645200FDE224 /* Base */ = {isa = PBXFileReference; lastKnownFileType = file.storyboard; name = Base; path = Base.lproj/Main.storyboard; sourceTree = "<group>"; };
		8082CB841CB6645200FDE224 /* Assets.xcassets */ = {isa = PBXFileReference; lastKnownFileType = folder.assetcatalog; path = Assets.xcassets; sourceTree = "<group>"; };
		8082CB871CB6645200FDE224 /* Base */ = {isa = PBXFileReference; lastKnownFileType = file.storyboard; name = Base; path = Base.lproj/LaunchScreen.storyboard; sourceTree = "<group>"; };
		8082CB891CB6645200FDE224 /* Info.plist */ = {isa = PBXFileReference; lastKnownFileType = text.plist.xml; path = Info.plist; sourceTree = "<group>"; };
		C6D2032132621D04B81E566D /* Pods-iOS Example.debug.xcconfig */ = {isa = PBXFileReference; includeInIndex = 1; lastKnownFileType = text.xcconfig; name = "Pods-iOS Example.debug.xcconfig"; path = "Pods/Target Support Files/Pods-iOS Example/Pods-iOS Example.debug.xcconfig"; sourceTree = "<group>"; };
/* End PBXFileReference section */

/* Begin PBXFrameworksBuildPhase section */
		8082CB771CB6645200FDE224 /* Frameworks */ = {
			isa = PBXFrameworksBuildPhase;
			buildActionMask = 2147483647;
			files = (
				493215C0BCEB319EE6F80764 /* Pods_iOS_Example.framework in Frameworks */,
			);
			runOnlyForDeploymentPostprocessing = 0;
		};
/* End PBXFrameworksBuildPhase section */

/* Begin PBXGroup section */
		8082CB711CB6645200FDE224 = {
			isa = PBXGroup;
			children = (
				8082CB7C1CB6645200FDE224 /* iOS Example */,
				8082CB7B1CB6645200FDE224 /* Products */,
				E109E973772D41F100366328 /* Pods */,
				8CBC01514C397C6E76BA92A9 /* Frameworks */,
			);
			sourceTree = "<group>";
		};
		8082CB7B1CB6645200FDE224 /* Products */ = {
			isa = PBXGroup;
			children = (
				8082CB7A1CB6645200FDE224 /* iOS Example.app */,
			);
			name = Products;
			sourceTree = "<group>";
		};
		8082CB7C1CB6645200FDE224 /* iOS Example */ = {
			isa = PBXGroup;
			children = (
				8082CB7D1CB6645200FDE224 /* AppDelegate.swift */,
				8082CB7F1CB6645200FDE224 /* ViewController.swift */,
				8082CB811CB6645200FDE224 /* Main.storyboard */,
				8082CB861CB6645200FDE224 /* LaunchScreen.storyboard */,
				8082CB9D1CB664BE00FDE224 /* Supporting Files */,
			);
			path = "iOS Example";
			sourceTree = "<group>";
		};
		8082CB9D1CB664BE00FDE224 /* Supporting Files */ = {
			isa = PBXGroup;
			children = (
				8082CB841CB6645200FDE224 /* Assets.xcassets */,
				8082CB891CB6645200FDE224 /* Info.plist */,
			);
			name = "Supporting Files";
			sourceTree = "<group>";
		};
		8CBC01514C397C6E76BA92A9 /* Frameworks */ = {
			isa = PBXGroup;
			children = (
				23EA3A852A003BBACD8055FF /* Pods_iOS_Example.framework */,
			);
			name = Frameworks;
			sourceTree = "<group>";
		};
		E109E973772D41F100366328 /* Pods */ = {
			isa = PBXGroup;
			children = (
				C6D2032132621D04B81E566D /* Pods-iOS Example.debug.xcconfig */,
				664A258F6A184110AFCEE3AC /* Pods-iOS Example.release.xcconfig */,
			);
			name = Pods;
			sourceTree = "<group>";
		};
/* End PBXGroup section */

/* Begin PBXNativeTarget section */
		8082CB791CB6645200FDE224 /* iOS Example */ = {
			isa = PBXNativeTarget;
			buildConfigurationList = 8082CB8C1CB6645200FDE224 /* Build configuration list for PBXNativeTarget "iOS Example" */;
			buildPhases = (
				9A2CEC03B19A32D17293BE91 /* [CP] Check Pods Manifest.lock */,
				8082CB761CB6645200FDE224 /* Sources */,
				8082CB771CB6645200FDE224 /* Frameworks */,
				8082CB781CB6645200FDE224 /* Resources */,
				804C88441CF2ABCE00486C61 /* Embed Frameworks */,
				7D8F623D6D6290964FC73C9C /* [CP] Embed Pods Frameworks */,
				5AA647F74956E899E0AE2BF3 /* [CP] Copy Pods Resources */,
			);
			buildRules = (
			);
			dependencies = (
			);
			name = "iOS Example";
			productName = "iOS Example";
			productReference = 8082CB7A1CB6645200FDE224 /* iOS Example.app */;
			productType = "com.apple.product-type.application";
		};
/* End PBXNativeTarget section */

/* Begin PBXProject section */
		8082CB721CB6645200FDE224 /* Project object */ = {
			isa = PBXProject;
			attributes = {
				LastSwiftUpdateCheck = 0730;
				LastUpgradeCheck = 0920;
				ORGANIZATIONNAME = "";
				TargetAttributes = {
					8082CB791CB6645200FDE224 = {
						CreatedOnToolsVersion = 7.3;
						ProvisioningStyle = Manual;
					};
				};
			};
			buildConfigurationList = 8082CB751CB6645200FDE224 /* Build configuration list for PBXProject "iOS Example" */;
			compatibilityVersion = "Xcode 3.2";
			developmentRegion = English;
			hasScannedForEncodings = 0;
			knownRegions = (
				en,
				Base,
			);
			mainGroup = 8082CB711CB6645200FDE224;
			productRefGroup = 8082CB7B1CB6645200FDE224 /* Products */;
			projectDirPath = "";
			projectRoot = "";
			targets = (
				8082CB791CB6645200FDE224 /* iOS Example */,
			);
		};
/* End PBXProject section */

/* Begin PBXResourcesBuildPhase section */
		8082CB781CB6645200FDE224 /* Resources */ = {
			isa = PBXResourcesBuildPhase;
			buildActionMask = 2147483647;
			files = (
				8082CB881CB6645200FDE224 /* LaunchScreen.storyboard in Resources */,
				8082CB851CB6645200FDE224 /* Assets.xcassets in Resources */,
				8082CB831CB6645200FDE224 /* Main.storyboard in Resources */,
			);
			runOnlyForDeploymentPostprocessing = 0;
		};
/* End PBXResourcesBuildPhase section */

/* Begin PBXShellScriptBuildPhase section */
		5AA647F74956E899E0AE2BF3 /* [CP] Copy Pods Resources */ = {
			isa = PBXShellScriptBuildPhase;
			buildActionMask = 2147483647;
			files = (
			);
			inputPaths = (
			);
			name = "[CP] Copy Pods Resources";
			outputPaths = (
			);
			runOnlyForDeploymentPostprocessing = 0;
			shellPath = /bin/sh;
			shellScript = "\"${SRCROOT}/Pods/Target Support Files/Pods-iOS Example/Pods-iOS Example-resources.sh\"\n";
			showEnvVarsInLog = 0;
		};
		7D8F623D6D6290964FC73C9C /* [CP] Embed Pods Frameworks */ = {
			isa = PBXShellScriptBuildPhase;
			buildActionMask = 2147483647;
			files = (
			);
			inputPaths = (
				"${SRCROOT}/Pods/Target Support Files/Pods-iOS Example/Pods-iOS Example-frameworks.sh",
				"${BUILT_PRODUCTS_DIR}/Highlightr/Highlightr.framework",
				"${BUILT_PRODUCTS_DIR}/William/William.framework",
			);
			name = "[CP] Embed Pods Frameworks";
			outputPaths = (
				"${TARGET_BUILD_DIR}/${FRAMEWORKS_FOLDER_PATH}/Highlightr.framework",
				"${TARGET_BUILD_DIR}/${FRAMEWORKS_FOLDER_PATH}/William.framework",
			);
			runOnlyForDeploymentPostprocessing = 0;
			shellPath = /bin/sh;
			shellScript = "\"${SRCROOT}/Pods/Target Support Files/Pods-iOS Example/Pods-iOS Example-frameworks.sh\"\n";
			showEnvVarsInLog = 0;
		};
		9A2CEC03B19A32D17293BE91 /* [CP] Check Pods Manifest.lock */ = {
			isa = PBXShellScriptBuildPhase;
			buildActionMask = 2147483647;
			files = (
			);
			inputPaths = (
				"${PODS_PODFILE_DIR_PATH}/Podfile.lock",
				"${PODS_ROOT}/Manifest.lock",
			);
			name = "[CP] Check Pods Manifest.lock";
			outputPaths = (
				"$(DERIVED_FILE_DIR)/Pods-iOS Example-checkManifestLockResult.txt",
			);
			runOnlyForDeploymentPostprocessing = 0;
			shellPath = /bin/sh;
			shellScript = "diff \"${PODS_PODFILE_DIR_PATH}/Podfile.lock\" \"${PODS_ROOT}/Manifest.lock\" > /dev/null\nif [ $? != 0 ] ; then\n    # print error to STDERR\n    echo \"error: The sandbox is not in sync with the Podfile.lock. Run 'pod install' or update your CocoaPods installation.\" >&2\n    exit 1\nfi\n# This output is used by Xcode 'outputs' to avoid re-running this script phase.\necho \"SUCCESS\" > \"${SCRIPT_OUTPUT_FILE_0}\"\n";
			showEnvVarsInLog = 0;
		};
/* End PBXShellScriptBuildPhase section */

/* Begin PBXSourcesBuildPhase section */
		8082CB761CB6645200FDE224 /* Sources */ = {
			isa = PBXSourcesBuildPhase;
			buildActionMask = 2147483647;
			files = (
				8082CB801CB6645200FDE224 /* ViewController.swift in Sources */,
				8082CB7E1CB6645200FDE224 /* AppDelegate.swift in Sources */,
			);
			runOnlyForDeploymentPostprocessing = 0;
		};
/* End PBXSourcesBuildPhase section */

/* Begin PBXVariantGroup section */
		8082CB811CB6645200FDE224 /* Main.storyboard */ = {
			isa = PBXVariantGroup;
			children = (
				8082CB821CB6645200FDE224 /* Base */,
			);
			name = Main.storyboard;
			sourceTree = "<group>";
		};
		8082CB861CB6645200FDE224 /* LaunchScreen.storyboard */ = {
			isa = PBXVariantGroup;
			children = (
				8082CB871CB6645200FDE224 /* Base */,
			);
			name = LaunchScreen.storyboard;
			sourceTree = "<group>";
		};
/* End PBXVariantGroup section */

/* Begin XCBuildConfiguration section */
		8082CB8A1CB6645200FDE224 /* Debug */ = {
			isa = XCBuildConfiguration;
			buildSettings = {
				ALWAYS_SEARCH_USER_PATHS = NO;
				CLANG_ANALYZER_NONNULL = YES;
				CLANG_CXX_LANGUAGE_STANDARD = "gnu++0x";
				CLANG_CXX_LIBRARY = "libc++";
				CLANG_ENABLE_MODULES = YES;
				CLANG_ENABLE_OBJC_ARC = YES;
				CLANG_WARN_BLOCK_CAPTURE_AUTORELEASING = YES;
				CLANG_WARN_BOOL_CONVERSION = YES;
				CLANG_WARN_COMMA = YES;
				CLANG_WARN_CONSTANT_CONVERSION = YES;
				CLANG_WARN_DIRECT_OBJC_ISA_USAGE = YES_ERROR;
				CLANG_WARN_EMPTY_BODY = YES;
				CLANG_WARN_ENUM_CONVERSION = YES;
				CLANG_WARN_INFINITE_RECURSION = YES;
				CLANG_WARN_INT_CONVERSION = YES;
				CLANG_WARN_NON_LITERAL_NULL_CONVERSION = YES;
				CLANG_WARN_OBJC_LITERAL_CONVERSION = YES;
				CLANG_WARN_OBJC_ROOT_CLASS = YES_ERROR;
				CLANG_WARN_RANGE_LOOP_ANALYSIS = YES;
				CLANG_WARN_STRICT_PROTOTYPES = YES;
				CLANG_WARN_SUSPICIOUS_MOVE = YES;
				CLANG_WARN_UNREACHABLE_CODE = YES;
				CLANG_WARN__DUPLICATE_METHOD_MATCH = YES;
				"CODE_SIGN_IDENTITY[sdk=iphoneos*]" = "iPhone Developer";
				COPY_PHASE_STRIP = NO;
				DEBUG_INFORMATION_FORMAT = dwarf;
				ENABLE_STRICT_OBJC_MSGSEND = YES;
				ENABLE_TESTABILITY = YES;
				GCC_C_LANGUAGE_STANDARD = gnu99;
				GCC_DYNAMIC_NO_PIC = NO;
				GCC_NO_COMMON_BLOCKS = YES;
				GCC_OPTIMIZATION_LEVEL = 0;
				GCC_PREPROCESSOR_DEFINITIONS = (
					"DEBUG=1",
					"$(inherited)",
				);
				GCC_WARN_64_TO_32_BIT_CONVERSION = YES;
				GCC_WARN_ABOUT_RETURN_TYPE = YES_ERROR;
				GCC_WARN_UNDECLARED_SELECTOR = YES;
				GCC_WARN_UNINITIALIZED_AUTOS = YES_AGGRESSIVE;
				GCC_WARN_UNUSED_FUNCTION = YES;
				GCC_WARN_UNUSED_VARIABLE = YES;
				IPHONEOS_DEPLOYMENT_TARGET = 10.0;
				MTL_ENABLE_DEBUG_INFO = YES;
				ONLY_ACTIVE_ARCH = YES;
				SDKROOT = iphoneos;
				SWIFT_OPTIMIZATION_LEVEL = "-Onone";
				SWIFT_VERSION = 4.0;
				TARGETED_DEVICE_FAMILY = "1,2";
			};
			name = Debug;
		};
		8082CB8B1CB6645200FDE224 /* Release */ = {
			isa = XCBuildConfiguration;
			buildSettings = {
				ALWAYS_SEARCH_USER_PATHS = NO;
				CLANG_ANALYZER_NONNULL = YES;
				CLANG_CXX_LANGUAGE_STANDARD = "gnu++0x";
				CLANG_CXX_LIBRARY = "libc++";
				CLANG_ENABLE_MODULES = YES;
				CLANG_ENABLE_OBJC_ARC = YES;
				CLANG_WARN_BLOCK_CAPTURE_AUTORELEASING = YES;
				CLANG_WARN_BOOL_CONVERSION = YES;
				CLANG_WARN_COMMA = YES;
				CLANG_WARN_CONSTANT_CONVERSION = YES;
				CLANG_WARN_DIRECT_OBJC_ISA_USAGE = YES_ERROR;
				CLANG_WARN_EMPTY_BODY = YES;
				CLANG_WARN_ENUM_CONVERSION = YES;
				CLANG_WARN_INFINITE_RECURSION = YES;
				CLANG_WARN_INT_CONVERSION = YES;
				CLANG_WARN_NON_LITERAL_NULL_CONVERSION = YES;
				CLANG_WARN_OBJC_LITERAL_CONVERSION = YES;
				CLANG_WARN_OBJC_ROOT_CLASS = YES_ERROR;
				CLANG_WARN_RANGE_LOOP_ANALYSIS = YES;
				CLANG_WARN_STRICT_PROTOTYPES = YES;
				CLANG_WARN_SUSPICIOUS_MOVE = YES;
				CLANG_WARN_UNREACHABLE_CODE = YES;
				CLANG_WARN__DUPLICATE_METHOD_MATCH = YES;
				"CODE_SIGN_IDENTITY[sdk=iphoneos*]" = "iPhone Developer";
				COPY_PHASE_STRIP = NO;
				DEBUG_INFORMATION_FORMAT = "dwarf-with-dsym";
				ENABLE_NS_ASSERTIONS = NO;
				ENABLE_STRICT_OBJC_MSGSEND = YES;
				GCC_C_LANGUAGE_STANDARD = gnu99;
				GCC_NO_COMMON_BLOCKS = YES;
				GCC_WARN_64_TO_32_BIT_CONVERSION = YES;
				GCC_WARN_ABOUT_RETURN_TYPE = YES_ERROR;
				GCC_WARN_UNDECLARED_SELECTOR = YES;
				GCC_WARN_UNINITIALIZED_AUTOS = YES_AGGRESSIVE;
				GCC_WARN_UNUSED_FUNCTION = YES;
				GCC_WARN_UNUSED_VARIABLE = YES;
				IPHONEOS_DEPLOYMENT_TARGET = 10.0;
				MTL_ENABLE_DEBUG_INFO = NO;
				SDKROOT = iphoneos;
				SWIFT_OPTIMIZATION_LEVEL = "-Owholemodule";
				SWIFT_VERSION = 4.0;
				TARGETED_DEVICE_FAMILY = "1,2";
				VALIDATE_PRODUCT = YES;
			};
			name = Release;
		};
		8082CB8D1CB6645200FDE224 /* Debug */ = {
			isa = XCBuildConfiguration;
			baseConfigurationReference = C6D2032132621D04B81E566D /* Pods-iOS Example.debug.xcconfig */;
			buildSettings = {
				ALWAYS_EMBED_SWIFT_STANDARD_LIBRARIES = YES;
				ASSETCATALOG_COMPILER_APPICON_NAME = AppIcon;
				CODE_SIGN_STYLE = Manual;
				DEVELOPMENT_TEAM = "";
				INFOPLIST_FILE = "iOS Example/Info.plist";
				LD_RUNPATH_SEARCH_PATHS = "$(inherited) @executable_path/Frameworks";
				PRODUCT_BUNDLE_IDENTIFIER = "com.yourcompany.iOS-Example";
				PRODUCT_NAME = "$(TARGET_NAME)";
				PROVISIONING_PROFILE_SPECIFIER = "";
			};
			name = Debug;
		};
		8082CB8E1CB6645200FDE224 /* Release */ = {
			isa = XCBuildConfiguration;
			baseConfigurationReference = 664A258F6A184110AFCEE3AC /* Pods-iOS Example.release.xcconfig */;
			buildSettings = {
				ALWAYS_EMBED_SWIFT_STANDARD_LIBRARIES = YES;
				ASSETCATALOG_COMPILER_APPICON_NAME = AppIcon;
				CODE_SIGN_STYLE = Manual;
				DEVELOPMENT_TEAM = "";
				INFOPLIST_FILE = "iOS Example/Info.plist";
				LD_RUNPATH_SEARCH_PATHS = "$(inherited) @executable_path/Frameworks";
				PRODUCT_BUNDLE_IDENTIFIER = "com.yourcompany.iOS-Example";
				PRODUCT_NAME = "$(TARGET_NAME)";
				PROVISIONING_PROFILE_SPECIFIER = "";
			};
			name = Release;
		};
/* End XCBuildConfiguration section */

/* Begin XCConfigurationList section */
		8082CB751CB6645200FDE224 /* Build configuration list for PBXProject "iOS Example" */ = {
			isa = XCConfigurationList;
			buildConfigurations = (
				8082CB8A1CB6645200FDE224 /* Debug */,
				8082CB8B1CB6645200FDE224 /* Release */,
			);
			defaultConfigurationIsVisible = 0;
			defaultConfigurationName = Release;
		};
		8082CB8C1CB6645200FDE224 /* Build configuration list for PBXNativeTarget "iOS Example" */ = {
			isa = XCConfigurationList;
			buildConfigurations = (
				8082CB8D1CB6645200FDE224 /* Debug */,
				8082CB8E1CB6645200FDE224 /* Release */,
			);
			defaultConfigurationIsVisible = 0;
			defaultConfigurationName = Release;
		};
/* End XCConfigurationList section */
	};
	rootObject = 8082CB721CB6645200FDE224 /* Project object */;
}
